<?xml version="1.0" encoding="utf-8"?>
<Project ToolsVersion="4.0" xmlns="http://schemas.microsoft.com/developer/msbuild/2003">
  <ItemGroup>
    <Filter Include="Source Files">
      <UniqueIdentifier>{4FC737F1-C7A5-4376-A066-2A32D752A2FF}</UniqueIdentifier>
      <Extensions>cpp;c;cc;cxx;def;odl;idl;hpj;bat;asm;asmx</Extensions>
    </Filter>
    <Filter Include="Header Files">
      <UniqueIdentifier>{93995380-89BD-4b04-88EB-625FBE52EBFB}</UniqueIdentifier>
      <Extensions>h;hh;hpp;hxx;hm;inl;inc;xsd</Extensions>
    </Filter>
    <Filter Include="Resource Files">
      <UniqueIdentifier>{67DA6AB6-F800-4c08-8B7A-83BB121AAD01}</UniqueIdentifier>
      <Extensions>rc;ico;cur;bmp;dlg;rc2;rct;bin;rgs;gif;jpg;jpeg;jpe;resx;tiff;tif;png;wav;mfcribbon-ms</Extensions>
    </Filter>
    <Filter Include="Header Files\hks">
      <UniqueIdentifier>{57b3b74c-2241-4b87-ae3f-12cee5383413}</UniqueIdentifier>
    </Filter>
    <Filter Include="Source Files\hks">
      <UniqueIdentifier>{68c7fae1-cd7e-4c31-b440-e31c96905e92}</UniqueIdentifier>
    </Filter>
  </ItemGroup>
  <ItemGroup>
    <ClCompile Include="TSGame.cpp">
      <Filter>Source Files</Filter>
    </ClCompile>
    <ClCompile Include="WinMain.cpp">
      <Filter>Source Files</Filter>
    </ClCompile>
    <ClCompile Include="Texture.cpp">
      <Filter>Source Files\hks</Filter>
    </ClCompile>
    <ClCompile Include="Animation.cpp">
      <Filter>Source Files\hks</Filter>
    </ClCompile>
    <ClCompile Include="GameApp.cpp">
      <Filter>Source Files\hks</Filter>
    </ClCompile>
    <ClCompile Include="Graphic.cpp">
      <Filter>Source Files\hks</Filter>
    </ClCompile>
    <ClCompile Include="Input.cpp">
      <Filter>Source Files\hks</Filter>
    </ClCompile>
    <ClCompile Include="Sound.cpp">
      <Filter>Source Files\hks</Filter>
    </ClCompile>
    <ClCompile Include="Actors.cpp">
      <Filter>Source Files</Filter>
    </ClCompile>
    <ClCompile Include="Play.cpp">
      <Filter>Source Files</Filter>
    </ClCompile>
  </ItemGroup>
  <ItemGroup>
    <ClInclude Include="Actor.h">
      <Filter>Header Files\hks</Filter>
    </ClInclude>
    <ClInclude Include="Animation.h">
      <Filter>Header Files\hks</Filter>
    </ClInclude>
    <ClInclude Include="Font.h">
      <Filter>Header Files\hks</Filter>
    </ClInclude>
    <ClInclude Include="FPS.h">
      <Filter>Header Files\hks</Filter>
    </ClInclude>
    <ClInclude Include="GameApp.h">
      <Filter>Header Files\hks</Filter>
    </ClInclude>
    <ClInclude Include="Graphic.h">
      <Filter>Header Files\hks</Filter>
    </ClInclude>
    <ClInclude Include="Input.h">
      <Filter>Header Files\hks</Filter>
    </ClInclude>
    <ClInclude Include="Point.h">
      <Filter>Header Files\hks</Filter>
    </ClInclude>
    <ClInclude Include="Random.h">
      <Filter>Header Files\hks</Filter>
    </ClInclude>
    <ClInclude Include="Scene.h">
      <Filter>Header Files\hks</Filter>
    </ClInclude>
    <ClInclude Include="Shape.h">
      <Filter>Header Files\hks</Filter>
    </ClInclude>
    <ClInclude Include="Sound.h">
      <Filter>Header Files\hks</Filter>
    </ClInclude>
    <ClInclude Include="Texture.h">
      <Filter>Header Files\hks</Filter>
    </ClInclude>
    <ClInclude Include="Util.h">
      <Filter>Header Files\hks</Filter>
    </ClInclude>
    <ClInclude Include="TSGame.h">
      <Filter>Header Files</Filter>
    </ClInclude>
    <ClInclude Include="Rect.h">
      <Filter>Header Files\hks</Filter>
    </ClInclude>
    <ClInclude Include="Actors.h">
      <Filter>Header Files</Filter>
    </ClInclude>
    <ClInclude Include="Easing.h">
      <Filter>Header Files\hks</Filter>
    </ClInclude>
    <ClInclude Include="Vector2.h">
      <Filter>Header Files\hks</Filter>
    </ClInclude>
    <ClInclude Include="Color.h">
      <Filter>Header Files\hks</Filter>
    </ClInclude>
    <ClInclude Include="Play.h">
      <Filter>Header Files</Filter>
    </ClInclude>
    <ClInclude Include="Title.h">
      <Filter>Header Files</Filter>
    </ClInclude>
    <ClInclude Include="Fwd.h">
      <Filter>Header Files</Filter>
    </ClInclude>
  </ItemGroup>
</Project>